// !$*UTF8*$!
{
	archiveVersion = 1;
	classes = {
	};
	objectVersion = 50;
	objects = {

/* Begin PBXBuildFile section */
		3801C34124BBFA1D002F737A /* BunnyHop.wav in Resources */ = {isa = PBXBuildFile; fileRef = 3801C34024BBFA1D002F737A /* BunnyHop.wav */; };
		3836381324C816F100FFB634 /* BrownRabbit.atlas in Resources */ = {isa = PBXBuildFile; fileRef = 3836381224C816F100FFB634 /* BrownRabbit.atlas */; };
		3836381724C817A700FFB634 /* Rabbita.atlas in Resources */ = {isa = PBXBuildFile; fileRef = 3836381624C817A700FFB634 /* Rabbita.atlas */; };
		3836381B24C8180700FFB634 /* BeigeBunny.atlas in Resources */ = {isa = PBXBuildFile; fileRef = 3836381A24C8180700FFB634 /* BeigeBunny.atlas */; };
		3836381D24C88C7600FFB634 /* StoreScene.sks in Resources */ = {isa = PBXBuildFile; fileRef = 3836381C24C88C7600FFB634 /* StoreScene.sks */; };
		3836381F24C88C9700FFB634 /* StoreScene.swift in Sources */ = {isa = PBXBuildFile; fileRef = 3836381E24C88C9700FFB634 /* StoreScene.swift */; };
		3836382924CA5BE200FFB634 /* AppDelegate.swift in Sources */ = {isa = PBXBuildFile; fileRef = 3836382824CA5BE100FFB634 /* AppDelegate.swift */; };
		3836382F24CAB08A00FFB634 /* DarkBrownBunny.atlas in Resources */ = {isa = PBXBuildFile; fileRef = 3836382E24CAB08A00FFB634 /* DarkBrownBunny.atlas */; };
		3836383124CB619300FFB634 /* Shiny.atlas in Resources */ = {isa = PBXBuildFile; fileRef = 3836383024CB619300FFB634 /* Shiny.atlas */; };
		3836383924CB90E600FFB634 /* LightBrownBunny.atlas in Resources */ = {isa = PBXBuildFile; fileRef = 3836383824CB90E500FFB634 /* LightBrownBunny.atlas */; };
		3836383B24CBC27E00FFB634 /* StoreScene1.swift in Sources */ = {isa = PBXBuildFile; fileRef = 3836383A24CBC27E00FFB634 /* StoreScene1.swift */; };
		3836383D24CBC29700FFB634 /* StoreScene1.sks in Resources */ = {isa = PBXBuildFile; fileRef = 3836383C24CBC29700FFB634 /* StoreScene1.sks */; };
		3845629424CE739B0023A57D /* BirdAnimation.atlas in Resources */ = {isa = PBXBuildFile; fileRef = 3845629324CE739B0023A57D /* BirdAnimation.atlas */; };
		384DEAFD24B4E53F00939D83 /* PlayScene.swift in Sources */ = {isa = PBXBuildFile; fileRef = 384DEAFC24B4E53F00939D83 /* PlayScene.swift */; };
		384DEB0324B5A17300939D83 /* TextExtension.swift in Sources */ = {isa = PBXBuildFile; fileRef = 384DEB0224B5A17300939D83 /* TextExtension.swift */; };
		3855FB1224D73B0F000CBA8A /* StoreScene2.swift in Sources */ = {isa = PBXBuildFile; fileRef = 3855FB1124D73B0F000CBA8A /* StoreScene2.swift */; };
		3855FB1424D73B37000CBA8A /* StoreScene2.sks in Resources */ = {isa = PBXBuildFile; fileRef = 3855FB1324D73B37000CBA8A /* StoreScene2.sks */; };
		3855FB1A24D8F385000CBA8A /* Bunny.atlas in Resources */ = {isa = PBXBuildFile; fileRef = 3855FB1924D8F384000CBA8A /* Bunny.atlas */; };
		3855FB1C24D8FA3F000CBA8A /* GrayBunny.atlas in Resources */ = {isa = PBXBuildFile; fileRef = 3855FB1B24D8FA3F000CBA8A /* GrayBunny.atlas */; };
		3855FB2224D92B43000CBA8A /* BlackBunnyLight.atlas in Resources */ = {isa = PBXBuildFile; fileRef = 3855FB2124D92B43000CBA8A /* BlackBunnyLight.atlas */; };
		3855FB2824DB9991000CBA8A /* Chirp.m4a in Resources */ = {isa = PBXBuildFile; fileRef = 3855FB2724DB998F000CBA8A /* Chirp.m4a */; };
		3855FB2C24DB99CA000CBA8A /* Splat.m4a in Resources */ = {isa = PBXBuildFile; fileRef = 3855FB2B24DB99CA000CBA8A /* Splat.m4a */; };
		385E7EE224B2578B00F4561F /* MainGame.swift in Sources */ = {isa = PBXBuildFile; fileRef = 385E7EE124B2578B00F4561F /* MainGame.swift */; };
		38631EF924DD21CB0003AB96 /* BlackCloud.m4a in Resources */ = {isa = PBXBuildFile; fileRef = 38631EF824DD21CB0003AB96 /* BlackCloud.m4a */; };
		3865C5A324DCA904006DC340 /* storeSong.m4a in Resources */ = {isa = PBXBuildFile; fileRef = 3865C5A224DCA904006DC340 /* storeSong.m4a */; };
		3865C5A724DCF15E006DC340 /* SpottedBlackBunny.atlas in Resources */ = {isa = PBXBuildFile; fileRef = 3865C5A624DCF15E006DC340 /* SpottedBlackBunny.atlas */; };
		386B353324BE2D88007FCD38 /* GameScene.swift in Sources */ = {isa = PBXBuildFile; fileRef = 386B353224BE2D88007FCD38 /* GameScene.swift */; };
		386B353524BE2D9B007FCD38 /* IntroScene.sks in Resources */ = {isa = PBXBuildFile; fileRef = 386B353424BE2D9B007FCD38 /* IntroScene.sks */; };
		387E1FE824BFAD43003D3F87 /* Assets.xcassets in Resources */ = {isa = PBXBuildFile; fileRef = 387E1FE724BFAD43003D3F87 /* Assets.xcassets */; };
		387E1FF624C13A55003D3F87 /* AirPlaneSound.m4a in Resources */ = {isa = PBXBuildFile; fileRef = 387E1FF524C13A55003D3F87 /* AirPlaneSound.m4a */; };
		387E200024C14084003D3F87 /* PlaneHit.m4a in Resources */ = {isa = PBXBuildFile; fileRef = 387E1FFF24C14084003D3F87 /* PlaneHit.m4a */; };
		38804EF124986D9900B330F1 /* IntroScene.swift in Sources */ = {isa = PBXBuildFile; fileRef = 38804EF024986D9900B330F1 /* IntroScene.swift */; };
		38804EF324986D9900B330F1 /* GameViewController.swift in Sources */ = {isa = PBXBuildFile; fileRef = 38804EF224986D9900B330F1 /* GameViewController.swift */; };
		38804F0624986D9C00B330F1 /* CloudySkiesTests.swift in Sources */ = {isa = PBXBuildFile; fileRef = 38804F0524986D9C00B330F1 /* CloudySkiesTests.swift */; };
		38804F1124986D9C00B330F1 /* CloudySkiesUITests.swift in Sources */ = {isa = PBXBuildFile; fileRef = 38804F1024986D9C00B330F1 /* CloudySkiesUITests.swift */; };
		38C4DCF224BA1FF10014FF29 /* LaunchScreen.storyboard in Resources */ = {isa = PBXBuildFile; fileRef = 38804EF924986D9C00B330F1 /* LaunchScreen.storyboard */; };
		38C4DCF324BA1FF60014FF29 /* Main.storyboard in Resources */ = {isa = PBXBuildFile; fileRef = 38804EF424986D9900B330F1 /* Main.storyboard */; };
		38C4DCF424BA1FFA0014FF29 /* Actions.sks in Resources */ = {isa = PBXBuildFile; fileRef = 38804EEE24986D9900B330F1 /* Actions.sks */; };
		38C4DCF524BA20000014FF29 /* GameScene.sks in Resources */ = {isa = PBXBuildFile; fileRef = 38804EEC24986D9900B330F1 /* GameScene.sks */; };
		38C4DCF624BA20050014FF29 /* PlayScene.sks in Resources */ = {isa = PBXBuildFile; fileRef = 384DEAFE24B501CA00939D83 /* PlayScene.sks */; };
		38C4DCF724BA200C0014FF29 /* MainGame.sks in Resources */ = {isa = PBXBuildFile; fileRef = 384F550C24A1CB7800DDC3C5 /* MainGame.sks */; };
		38C4DCFE24BA23870014FF29 /* Bistroblock-oygz.ttf in Resources */ = {isa = PBXBuildFile; fileRef = 384DEB0424B69E9B00939D83 /* Bistroblock-oygz.ttf */; };
		38DDC8BB24BCD79200B556B7 /* GetCarrot.m4a in Resources */ = {isa = PBXBuildFile; fileRef = 38DDC8BA24BCD79200B556B7 /* GetCarrot.m4a */; };
		38DDC8BF24BCD7AA00B556B7 /* BunnyDidntHop.wav in Resources */ = {isa = PBXBuildFile; fileRef = 38DDC8BE24BCD7AA00B556B7 /* BunnyDidntHop.wav */; };
		38DDC8C124BCD8CB00B556B7 /* Intro.m4a in Resources */ = {isa = PBXBuildFile; fileRef = 38DDC8C024BCD8CB00B556B7 /* Intro.m4a */; };
		38DDC8C524BCDF1E00B556B7 /* BunnyFell.m4a in Resources */ = {isa = PBXBuildFile; fileRef = 38DDC8C424BCDF1D00B556B7 /* BunnyFell.m4a */; };
		38E958AE24DCFE95007F23B2 /* planeSound.m4a in Resources */ = {isa = PBXBuildFile; fileRef = 38E958AD24DCFE95007F23B2 /* planeSound.m4a */; };
/* End PBXBuildFile section */

/* Begin PBXContainerItemProxy section */
		38804F0224986D9C00B330F1 /* PBXContainerItemProxy */ = {
			isa = PBXContainerItemProxy;
			containerPortal = 38804EDF24986D9900B330F1 /* Project object */;
			proxyType = 1;
			remoteGlobalIDString = 38804EE624986D9900B330F1;
			remoteInfo = CloudySkies;
		};
		38804F0D24986D9C00B330F1 /* PBXContainerItemProxy */ = {
			isa = PBXContainerItemProxy;
			containerPortal = 38804EDF24986D9900B330F1 /* Project object */;
			proxyType = 1;
			remoteGlobalIDString = 38804EE624986D9900B330F1;
			remoteInfo = CloudySkies;
		};
/* End PBXContainerItemProxy section */

/* Begin PBXFileReference section */
		3801C34024BBFA1D002F737A /* BunnyHop.wav */ = {isa = PBXFileReference; lastKnownFileType = audio.wav; path = BunnyHop.wav; sourceTree = "<group>"; };
		3836381224C816F100FFB634 /* BrownRabbit.atlas */ = {isa = PBXFileReference; lastKnownFileType = folder.skatlas; path = BrownRabbit.atlas; sourceTree = "<group>"; };
		3836381624C817A700FFB634 /* Rabbita.atlas */ = {isa = PBXFileReference; lastKnownFileType = folder.skatlas; path = Rabbita.atlas; sourceTree = "<group>"; };
		3836381A24C8180700FFB634 /* BeigeBunny.atlas */ = {isa = PBXFileReference; lastKnownFileType = folder.skatlas; path = BeigeBunny.atlas; sourceTree = "<group>"; };
		3836381C24C88C7600FFB634 /* StoreScene.sks */ = {isa = PBXFileReference; lastKnownFileType = file.sks; path = StoreScene.sks; sourceTree = "<group>"; };
		3836381E24C88C9700FFB634 /* StoreScene.swift */ = {isa = PBXFileReference; lastKnownFileType = sourcecode.swift; path = StoreScene.swift; sourceTree = "<group>"; };
		3836382824CA5BE100FFB634 /* AppDelegate.swift */ = {isa = PBXFileReference; lastKnownFileType = sourcecode.swift; path = AppDelegate.swift; sourceTree = "<group>"; };
		3836382E24CAB08A00FFB634 /* DarkBrownBunny.atlas */ = {isa = PBXFileReference; lastKnownFileType = folder.skatlas; path = DarkBrownBunny.atlas; sourceTree = "<group>"; };
		3836383024CB619300FFB634 /* Shiny.atlas */ = {isa = PBXFileReference; lastKnownFileType = folder.skatlas; path = Shiny.atlas; sourceTree = "<group>"; };
		3836383824CB90E500FFB634 /* LightBrownBunny.atlas */ = {isa = PBXFileReference; lastKnownFileType = folder.skatlas; path = LightBrownBunny.atlas; sourceTree = "<group>"; };
		3836383A24CBC27E00FFB634 /* StoreScene1.swift */ = {isa = PBXFileReference; lastKnownFileType = sourcecode.swift; path = StoreScene1.swift; sourceTree = "<group>"; };
		3836383C24CBC29700FFB634 /* StoreScene1.sks */ = {isa = PBXFileReference; lastKnownFileType = file.sks; path = StoreScene1.sks; sourceTree = "<group>"; };
		3845629324CE739B0023A57D /* BirdAnimation.atlas */ = {isa = PBXFileReference; lastKnownFileType = folder.skatlas; path = BirdAnimation.atlas; sourceTree = "<group>"; };
		384DEAFC24B4E53F00939D83 /* PlayScene.swift */ = {isa = PBXFileReference; lastKnownFileType = sourcecode.swift; path = PlayScene.swift; sourceTree = "<group>"; };
		384DEAFE24B501CA00939D83 /* PlayScene.sks */ = {isa = PBXFileReference; lastKnownFileType = file.sks; path = PlayScene.sks; sourceTree = "<group>"; };
		384DEB0224B5A17300939D83 /* TextExtension.swift */ = {isa = PBXFileReference; lastKnownFileType = sourcecode.swift; path = TextExtension.swift; sourceTree = "<group>"; };
		384DEB0424B69E9B00939D83 /* Bistroblock-oygz.ttf */ = {isa = PBXFileReference; lastKnownFileType = file; path = "Bistroblock-oygz.ttf"; sourceTree = "<group>"; };
		384F550C24A1CB7800DDC3C5 /* MainGame.sks */ = {isa = PBXFileReference; lastKnownFileType = file.sks; path = MainGame.sks; sourceTree = "<group>"; };
		3855FB1124D73B0F000CBA8A /* StoreScene2.swift */ = {isa = PBXFileReference; lastKnownFileType = sourcecode.swift; path = StoreScene2.swift; sourceTree = "<group>"; };
		3855FB1324D73B37000CBA8A /* StoreScene2.sks */ = {isa = PBXFileReference; lastKnownFileType = file.sks; path = StoreScene2.sks; sourceTree = "<group>"; };
		3855FB1924D8F384000CBA8A /* Bunny.atlas */ = {isa = PBXFileReference; lastKnownFileType = folder.skatlas; path = Bunny.atlas; sourceTree = "<group>"; };
		3855FB1B24D8FA3F000CBA8A /* GrayBunny.atlas */ = {isa = PBXFileReference; lastKnownFileType = folder.skatlas; path = GrayBunny.atlas; sourceTree = "<group>"; };
		3855FB2124D92B43000CBA8A /* BlackBunnyLight.atlas */ = {isa = PBXFileReference; lastKnownFileType = folder.skatlas; path = BlackBunnyLight.atlas; sourceTree = "<group>"; };
		3855FB2724DB998F000CBA8A /* Chirp.m4a */ = {isa = PBXFileReference; lastKnownFileType = file; path = Chirp.m4a; sourceTree = "<group>"; };
		3855FB2B24DB99CA000CBA8A /* Splat.m4a */ = {isa = PBXFileReference; lastKnownFileType = file; path = Splat.m4a; sourceTree = "<group>"; };
		385E7EE124B2578B00F4561F /* MainGame.swift */ = {isa = PBXFileReference; lastKnownFileType = sourcecode.swift; path = MainGame.swift; sourceTree = "<group>"; };
		38631EF824DD21CB0003AB96 /* BlackCloud.m4a */ = {isa = PBXFileReference; lastKnownFileType = file; path = BlackCloud.m4a; sourceTree = "<group>"; };
		3865C5A224DCA904006DC340 /* storeSong.m4a */ = {isa = PBXFileReference; lastKnownFileType = file; path = storeSong.m4a; sourceTree = "<group>"; };
		3865C5A624DCF15E006DC340 /* SpottedBlackBunny.atlas */ = {isa = PBXFileReference; lastKnownFileType = folder.skatlas; path = SpottedBlackBunny.atlas; sourceTree = "<group>"; };
		386B353224BE2D88007FCD38 /* GameScene.swift */ = {isa = PBXFileReference; lastKnownFileType = sourcecode.swift; path = GameScene.swift; sourceTree = "<group>"; };
		386B353424BE2D9B007FCD38 /* IntroScene.sks */ = {isa = PBXFileReference; lastKnownFileType = file.sks; path = IntroScene.sks; sourceTree = "<group>"; };
		387E1FE724BFAD43003D3F87 /* Assets.xcassets */ = {isa = PBXFileReference; lastKnownFileType = folder.assetcatalog; path = Assets.xcassets; sourceTree = "<group>"; };
		387E1FF524C13A55003D3F87 /* AirPlaneSound.m4a */ = {isa = PBXFileReference; lastKnownFileType = file; path = AirPlaneSound.m4a; sourceTree = "<group>"; };
		387E1FFF24C14084003D3F87 /* PlaneHit.m4a */ = {isa = PBXFileReference; lastKnownFileType = file; path = PlaneHit.m4a; sourceTree = "<group>"; };
		38804EE724986D9900B330F1 /* Cloudie Skies.app */ = {isa = PBXFileReference; explicitFileType = wrapper.application; includeInIndex = 0; path = "Cloudie Skies.app"; sourceTree = BUILT_PRODUCTS_DIR; };
		38804EEC24986D9900B330F1 /* GameScene.sks */ = {isa = PBXFileReference; lastKnownFileType = file.sks; path = GameScene.sks; sourceTree = "<group>"; };
		38804EEE24986D9900B330F1 /* Actions.sks */ = {isa = PBXFileReference; lastKnownFileType = file.sks; path = Actions.sks; sourceTree = "<group>"; };
		38804EF024986D9900B330F1 /* IntroScene.swift */ = {isa = PBXFileReference; lastKnownFileType = sourcecode.swift; path = IntroScene.swift; sourceTree = "<group>"; };
		38804EF224986D9900B330F1 /* GameViewController.swift */ = {isa = PBXFileReference; lastKnownFileType = sourcecode.swift; path = GameViewController.swift; sourceTree = "<group>"; };
		38804EF524986D9900B330F1 /* Base */ = {isa = PBXFileReference; lastKnownFileType = file.storyboard; name = Base; path = Base.lproj/Main.storyboard; sourceTree = "<group>"; };
		38804EFA24986D9C00B330F1 /* Base */ = {isa = PBXFileReference; lastKnownFileType = file.storyboard; name = Base; path = Base.lproj/LaunchScreen.storyboard; sourceTree = "<group>"; };
		38804EFC24986D9C00B330F1 /* Info.plist */ = {isa = PBXFileReference; lastKnownFileType = text.plist.xml; path = Info.plist; sourceTree = "<group>"; };
		38804F0124986D9C00B330F1 /* CloudySkiesTests.xctest */ = {isa = PBXFileReference; explicitFileType = wrapper.cfbundle; includeInIndex = 0; path = CloudySkiesTests.xctest; sourceTree = BUILT_PRODUCTS_DIR; };
		38804F0524986D9C00B330F1 /* CloudySkiesTests.swift */ = {isa = PBXFileReference; lastKnownFileType = sourcecode.swift; path = CloudySkiesTests.swift; sourceTree = "<group>"; };
		38804F0724986D9C00B330F1 /* Info.plist */ = {isa = PBXFileReference; lastKnownFileType = text.plist.xml; path = Info.plist; sourceTree = "<group>"; };
		38804F0C24986D9C00B330F1 /* CloudySkiesUITests.xctest */ = {isa = PBXFileReference; explicitFileType = wrapper.cfbundle; includeInIndex = 0; path = CloudySkiesUITests.xctest; sourceTree = BUILT_PRODUCTS_DIR; };
		38804F1024986D9C00B330F1 /* CloudySkiesUITests.swift */ = {isa = PBXFileReference; lastKnownFileType = sourcecode.swift; path = CloudySkiesUITests.swift; sourceTree = "<group>"; };
		38804F1224986D9C00B330F1 /* Info.plist */ = {isa = PBXFileReference; lastKnownFileType = text.plist.xml; path = Info.plist; sourceTree = "<group>"; };
		38DDC8BA24BCD79200B556B7 /* GetCarrot.m4a */ = {isa = PBXFileReference; lastKnownFileType = file; path = GetCarrot.m4a; sourceTree = "<group>"; };
		38DDC8BE24BCD7AA00B556B7 /* BunnyDidntHop.wav */ = {isa = PBXFileReference; lastKnownFileType = audio.wav; path = BunnyDidntHop.wav; sourceTree = "<group>"; };
		38DDC8C024BCD8CB00B556B7 /* Intro.m4a */ = {isa = PBXFileReference; lastKnownFileType = file; path = Intro.m4a; sourceTree = "<group>"; };
		38DDC8C424BCDF1D00B556B7 /* BunnyFell.m4a */ = {isa = PBXFileReference; lastKnownFileType = file; path = BunnyFell.m4a; sourceTree = "<group>"; };
		38E958AD24DCFE95007F23B2 /* planeSound.m4a */ = {isa = PBXFileReference; lastKnownFileType = file; path = planeSound.m4a; sourceTree = "<group>"; };
/* End PBXFileReference section */

/* Begin PBXFrameworksBuildPhase section */
		38804EE424986D9900B330F1 /* Frameworks */ = {
			isa = PBXFrameworksBuildPhase;
			buildActionMask = 2147483647;
			files = (
			);
			runOnlyForDeploymentPostprocessing = 0;
		};
		38804EFE24986D9C00B330F1 /* Frameworks */ = {
			isa = PBXFrameworksBuildPhase;
			buildActionMask = 2147483647;
			files = (
			);
			runOnlyForDeploymentPostprocessing = 0;
		};
		38804F0924986D9C00B330F1 /* Frameworks */ = {
			isa = PBXFrameworksBuildPhase;
			buildActionMask = 2147483647;
			files = (
			);
			runOnlyForDeploymentPostprocessing = 0;
		};
/* End PBXFrameworksBuildPhase section */

/* Begin PBXGroup section */
		38804EDE24986D9900B330F1 = {
			isa = PBXGroup;
			children = (
				38804EE924986D9900B330F1 /* CloudySkies */,
				38804F0424986D9C00B330F1 /* CloudySkiesTests */,
				38804F0F24986D9C00B330F1 /* CloudySkiesUITests */,
				38804EE824986D9900B330F1 /* Products */,
			);
			sourceTree = "<group>";
		};
		38804EE824986D9900B330F1 /* Products */ = {
			isa = PBXGroup;
			children = (
				38804EE724986D9900B330F1 /* Cloudie Skies.app */,
				38804F0124986D9C00B330F1 /* CloudySkiesTests.xctest */,
				38804F0C24986D9C00B330F1 /* CloudySkiesUITests.xctest */,
			);
			name = Products;
			sourceTree = "<group>";
		};
		38804EE924986D9900B330F1 /* CloudySkies */ = {
			isa = PBXGroup;
			children = (
				38631EF824DD21CB0003AB96 /* BlackCloud.m4a */,
				38E958AD24DCFE95007F23B2 /* planeSound.m4a */,
				3865C5A624DCF15E006DC340 /* SpottedBlackBunny.atlas */,
				3865C5A224DCA904006DC340 /* storeSong.m4a */,
				3855FB2B24DB99CA000CBA8A /* Splat.m4a */,
				3855FB2724DB998F000CBA8A /* Chirp.m4a */,
				3855FB2124D92B43000CBA8A /* BlackBunnyLight.atlas */,
				3855FB1B24D8FA3F000CBA8A /* GrayBunny.atlas */,
				3855FB1924D8F384000CBA8A /* Bunny.atlas */,
				3845629324CE739B0023A57D /* BirdAnimation.atlas */,
				3836383824CB90E500FFB634 /* LightBrownBunny.atlas */,
				3836383024CB619300FFB634 /* Shiny.atlas */,
				3836382E24CAB08A00FFB634 /* DarkBrownBunny.atlas */,
				3836382824CA5BE100FFB634 /* AppDelegate.swift */,
				3836381A24C8180700FFB634 /* BeigeBunny.atlas */,
				3836381624C817A700FFB634 /* Rabbita.atlas */,
				3836381224C816F100FFB634 /* BrownRabbit.atlas */,
				38DDC8C424BCDF1D00B556B7 /* BunnyFell.m4a */,
				387E1FF524C13A55003D3F87 /* AirPlaneSound.m4a */,
				387E1FFF24C14084003D3F87 /* PlaneHit.m4a */,
				387E1FE724BFAD43003D3F87 /* Assets.xcassets */,
				38DDC8BE24BCD7AA00B556B7 /* BunnyDidntHop.wav */,
				38DDC8C024BCD8CB00B556B7 /* Intro.m4a */,
				386B353224BE2D88007FCD38 /* GameScene.swift */,
				38DDC8BA24BCD79200B556B7 /* GetCarrot.m4a */,
				3801C34024BBFA1D002F737A /* BunnyHop.wav */,
				384DEB0224B5A17300939D83 /* TextExtension.swift */,
				386B353424BE2D9B007FCD38 /* IntroScene.sks */,
				38804EEE24986D9900B330F1 /* Actions.sks */,
				38804EF024986D9900B330F1 /* IntroScene.swift */,
				384DEAFC24B4E53F00939D83 /* PlayScene.swift */,
				384DEAFE24B501CA00939D83 /* PlayScene.sks */,
				384F550C24A1CB7800DDC3C5 /* MainGame.sks */,
				385E7EE124B2578B00F4561F /* MainGame.swift */,
				3836381C24C88C7600FFB634 /* StoreScene.sks */,
				3836381E24C88C9700FFB634 /* StoreScene.swift */,
				3836383A24CBC27E00FFB634 /* StoreScene1.swift */,
				3855FB1124D73B0F000CBA8A /* StoreScene2.swift */,
				3855FB1324D73B37000CBA8A /* StoreScene2.sks */,
				3836383C24CBC29700FFB634 /* StoreScene1.sks */,
				384DEB0424B69E9B00939D83 /* Bistroblock-oygz.ttf */,
				38804EF224986D9900B330F1 /* GameViewController.swift */,
				38804EF424986D9900B330F1 /* Main.storyboard */,
				38804EF924986D9C00B330F1 /* LaunchScreen.storyboard */,
				38804EEC24986D9900B330F1 /* GameScene.sks */,
				38804EFC24986D9C00B330F1 /* Info.plist */,
			);
			path = CloudySkies;
			sourceTree = "<group>";
		};
		38804F0424986D9C00B330F1 /* CloudySkiesTests */ = {
			isa = PBXGroup;
			children = (
				38804F0524986D9C00B330F1 /* CloudySkiesTests.swift */,
				38804F0724986D9C00B330F1 /* Info.plist */,
			);
			path = CloudySkiesTests;
			sourceTree = "<group>";
		};
		38804F0F24986D9C00B330F1 /* CloudySkiesUITests */ = {
			isa = PBXGroup;
			children = (
				38804F1024986D9C00B330F1 /* CloudySkiesUITests.swift */,
				38804F1224986D9C00B330F1 /* Info.plist */,
			);
			path = CloudySkiesUITests;
			sourceTree = "<group>";
		};
/* End PBXGroup section */

/* Begin PBXNativeTarget section */
		38804EE624986D9900B330F1 /* CloudySkies */ = {
			isa = PBXNativeTarget;
			buildConfigurationList = 38804F1524986D9C00B330F1 /* Build configuration list for PBXNativeTarget "CloudySkies" */;
			buildPhases = (
				38804EE324986D9900B330F1 /* Sources */,
				38804EE424986D9900B330F1 /* Frameworks */,
				38804EE524986D9900B330F1 /* Resources */,
			);
			buildRules = (
			);
			dependencies = (
			);
			name = CloudySkies;
			productName = CloudySkies;
			productReference = 38804EE724986D9900B330F1 /* Cloudie Skies.app */;
			productType = "com.apple.product-type.application";
		};
		38804F0024986D9C00B330F1 /* CloudySkiesTests */ = {
			isa = PBXNativeTarget;
			buildConfigurationList = 38804F1824986D9C00B330F1 /* Build configuration list for PBXNativeTarget "CloudySkiesTests" */;
			buildPhases = (
				38804EFD24986D9C00B330F1 /* Sources */,
				38804EFE24986D9C00B330F1 /* Frameworks */,
				38804EFF24986D9C00B330F1 /* Resources */,
			);
			buildRules = (
			);
			dependencies = (
				38804F0324986D9C00B330F1 /* PBXTargetDependency */,
			);
			name = CloudySkiesTests;
			productName = CloudySkiesTests;
			productReference = 38804F0124986D9C00B330F1 /* CloudySkiesTests.xctest */;
			productType = "com.apple.product-type.bundle.unit-test";
		};
		38804F0B24986D9C00B330F1 /* CloudySkiesUITests */ = {
			isa = PBXNativeTarget;
			buildConfigurationList = 38804F1B24986D9C00B330F1 /* Build configuration list for PBXNativeTarget "CloudySkiesUITests" */;
			buildPhases = (
				38804F0824986D9C00B330F1 /* Sources */,
				38804F0924986D9C00B330F1 /* Frameworks */,
				38804F0A24986D9C00B330F1 /* Resources */,
			);
			buildRules = (
			);
			dependencies = (
				38804F0E24986D9C00B330F1 /* PBXTargetDependency */,
			);
			name = CloudySkiesUITests;
			productName = CloudySkiesUITests;
			productReference = 38804F0C24986D9C00B330F1 /* CloudySkiesUITests.xctest */;
			productType = "com.apple.product-type.bundle.ui-testing";
		};
/* End PBXNativeTarget section */

/* Begin PBXProject section */
		38804EDF24986D9900B330F1 /* Project object */ = {
			isa = PBXProject;
			attributes = {
				LastSwiftUpdateCheck = 1150;
				LastUpgradeCheck = 1150;
				ORGANIZATIONNAME = "Amanda Vialva";
				TargetAttributes = {
					38804EE624986D9900B330F1 = {
						CreatedOnToolsVersion = 11.5;
					};
					38804F0024986D9C00B330F1 = {
						CreatedOnToolsVersion = 11.5;
						TestTargetID = 38804EE624986D9900B330F1;
					};
					38804F0B24986D9C00B330F1 = {
						CreatedOnToolsVersion = 11.5;
						TestTargetID = 38804EE624986D9900B330F1;
					};
				};
			};
			buildConfigurationList = 38804EE224986D9900B330F1 /* Build configuration list for PBXProject "CloudySkies" */;
			compatibilityVersion = "Xcode 9.3";
			developmentRegion = en;
			hasScannedForEncodings = 0;
			knownRegions = (
				en,
				Base,
			);
			mainGroup = 38804EDE24986D9900B330F1;
			productRefGroup = 38804EE824986D9900B330F1 /* Products */;
			projectDirPath = "";
			projectRoot = "";
			targets = (
				38804EE624986D9900B330F1 /* CloudySkies */,
				38804F0024986D9C00B330F1 /* CloudySkiesTests */,
				38804F0B24986D9C00B330F1 /* CloudySkiesUITests */,
			);
		};
/* End PBXProject section */

/* Begin PBXResourcesBuildPhase section */
		38804EE524986D9900B330F1 /* Resources */ = {
			isa = PBXResourcesBuildPhase;
			buildActionMask = 2147483647;
			files = (
				38C4DCFE24BA23870014FF29 /* Bistroblock-oygz.ttf in Resources */,
				38631EF924DD21CB0003AB96 /* BlackCloud.m4a in Resources */,
				38C4DCF724BA200C0014FF29 /* MainGame.sks in Resources */,
				38DDC8C124BCD8CB00B556B7 /* Intro.m4a in Resources */,
				3836382F24CAB08A00FFB634 /* DarkBrownBunny.atlas in Resources */,
				3836381724C817A700FFB634 /* Rabbita.atlas in Resources */,
				387E1FE824BFAD43003D3F87 /* Assets.xcassets in Resources */,
				3865C5A324DCA904006DC340 /* storeSong.m4a in Resources */,
				3855FB2824DB9991000CBA8A /* Chirp.m4a in Resources */,
				3855FB1A24D8F385000CBA8A /* Bunny.atlas in Resources */,
				38C4DCF624BA20050014FF29 /* PlayScene.sks in Resources */,
				3836383924CB90E600FFB634 /* LightBrownBunny.atlas in Resources */,
				38C4DCF524BA20000014FF29 /* GameScene.sks in Resources */,
				3865C5A724DCF15E006DC340 /* SpottedBlackBunny.atlas in Resources */,
				387E200024C14084003D3F87 /* PlaneHit.m4a in Resources */,
				38C4DCF424BA1FFA0014FF29 /* Actions.sks in Resources */,
				387E1FF624C13A55003D3F87 /* AirPlaneSound.m4a in Resources */,
				3855FB2224D92B43000CBA8A /* BlackBunnyLight.atlas in Resources */,
				3801C34124BBFA1D002F737A /* BunnyHop.wav in Resources */,
				3845629424CE739B0023A57D /* BirdAnimation.atlas in Resources */,
				3836381B24C8180700FFB634 /* BeigeBunny.atlas in Resources */,
				3855FB2C24DB99CA000CBA8A /* Splat.m4a in Resources */,
				386B353524BE2D9B007FCD38 /* IntroScene.sks in Resources */,
				3836381324C816F100FFB634 /* BrownRabbit.atlas in Resources */,
				38DDC8BF24BCD7AA00B556B7 /* BunnyDidntHop.wav in Resources */,
				38C4DCF324BA1FF60014FF29 /* Main.storyboard in Resources */,
				3855FB1424D73B37000CBA8A /* StoreScene2.sks in Resources */,
				38E958AE24DCFE95007F23B2 /* planeSound.m4a in Resources */,
				38DDC8C524BCDF1E00B556B7 /* BunnyFell.m4a in Resources */,
				3836383D24CBC29700FFB634 /* StoreScene1.sks in Resources */,
				3836381D24C88C7600FFB634 /* StoreScene.sks in Resources */,
				38C4DCF224BA1FF10014FF29 /* LaunchScreen.storyboard in Resources */,
				3836383124CB619300FFB634 /* Shiny.atlas in Resources */,
				3855FB1C24D8FA3F000CBA8A /* GrayBunny.atlas in Resources */,
				38DDC8BB24BCD79200B556B7 /* GetCarrot.m4a in Resources */,
			);
			runOnlyForDeploymentPostprocessing = 0;
		};
		38804EFF24986D9C00B330F1 /* Resources */ = {
			isa = PBXResourcesBuildPhase;
			buildActionMask = 2147483647;
			files = (
			);
			runOnlyForDeploymentPostprocessing = 0;
		};
		38804F0A24986D9C00B330F1 /* Resources */ = {
			isa = PBXResourcesBuildPhase;
			buildActionMask = 2147483647;
			files = (
			);
			runOnlyForDeploymentPostprocessing = 0;
		};
/* End PBXResourcesBuildPhase section */

/* Begin PBXSourcesBuildPhase section */
		38804EE324986D9900B330F1 /* Sources */ = {
			isa = PBXSourcesBuildPhase;
			buildActionMask = 2147483647;
			files = (
				3836382924CA5BE200FFB634 /* AppDelegate.swift in Sources */,
				3855FB1224D73B0F000CBA8A /* StoreScene2.swift in Sources */,
				385E7EE224B2578B00F4561F /* MainGame.swift in Sources */,
				384DEAFD24B4E53F00939D83 /* PlayScene.swift in Sources */,
				386B353324BE2D88007FCD38 /* GameScene.swift in Sources */,
				38804EF124986D9900B330F1 /* IntroScene.swift in Sources */,
				38804EF324986D9900B330F1 /* GameViewController.swift in Sources */,
				3836383B24CBC27E00FFB634 /* StoreScene1.swift in Sources */,
				384DEB0324B5A17300939D83 /* TextExtension.swift in Sources */,
				3836381F24C88C9700FFB634 /* StoreScene.swift in Sources */,
			);
			runOnlyForDeploymentPostprocessing = 0;
		};
		38804EFD24986D9C00B330F1 /* Sources */ = {
			isa = PBXSourcesBuildPhase;
			buildActionMask = 2147483647;
			files = (
				38804F0624986D9C00B330F1 /* CloudySkiesTests.swift in Sources */,
			);
			runOnlyForDeploymentPostprocessing = 0;
		};
		38804F0824986D9C00B330F1 /* Sources */ = {
			isa = PBXSourcesBuildPhase;
			buildActionMask = 2147483647;
			files = (
				38804F1124986D9C00B330F1 /* CloudySkiesUITests.swift in Sources */,
			);
			runOnlyForDeploymentPostprocessing = 0;
		};
/* End PBXSourcesBuildPhase section */

/* Begin PBXTargetDependency section */
		38804F0324986D9C00B330F1 /* PBXTargetDependency */ = {
			isa = PBXTargetDependency;
			target = 38804EE624986D9900B330F1 /* CloudySkies */;
			targetProxy = 38804F0224986D9C00B330F1 /* PBXContainerItemProxy */;
		};
		38804F0E24986D9C00B330F1 /* PBXTargetDependency */ = {
			isa = PBXTargetDependency;
			target = 38804EE624986D9900B330F1 /* CloudySkies */;
			targetProxy = 38804F0D24986D9C00B330F1 /* PBXContainerItemProxy */;
		};
/* End PBXTargetDependency section */

/* Begin PBXVariantGroup section */
		38804EF424986D9900B330F1 /* Main.storyboard */ = {
			isa = PBXVariantGroup;
			children = (
				38804EF524986D9900B330F1 /* Base */,
			);
			name = Main.storyboard;
			sourceTree = "<group>";
		};
		38804EF924986D9C00B330F1 /* LaunchScreen.storyboard */ = {
			isa = PBXVariantGroup;
			children = (
				38804EFA24986D9C00B330F1 /* Base */,
			);
			name = LaunchScreen.storyboard;
			sourceTree = "<group>";
		};
/* End PBXVariantGroup section */

/* Begin XCBuildConfiguration section */
		38804F1324986D9C00B330F1 /* Debug */ = {
			isa = XCBuildConfiguration;
			buildSettings = {
				ALWAYS_SEARCH_USER_PATHS = NO;
				CLANG_ANALYZER_NONNULL = YES;
				CLANG_ANALYZER_NUMBER_OBJECT_CONVERSION = YES_AGGRESSIVE;
				CLANG_CXX_LANGUAGE_STANDARD = "gnu++14";
				CLANG_CXX_LIBRARY = "libc++";
				CLANG_ENABLE_MODULES = YES;
				CLANG_ENABLE_OBJC_ARC = YES;
				CLANG_ENABLE_OBJC_WEAK = YES;
				CLANG_WARN_BLOCK_CAPTURE_AUTORELEASING = YES;
				CLANG_WARN_BOOL_CONVERSION = YES;
				CLANG_WARN_COMMA = YES;
				CLANG_WARN_CONSTANT_CONVERSION = YES;
				CLANG_WARN_DEPRECATED_OBJC_IMPLEMENTATIONS = YES;
				CLANG_WARN_DIRECT_OBJC_ISA_USAGE = YES_ERROR;
				CLANG_WARN_DOCUMENTATION_COMMENTS = YES;
				CLANG_WARN_EMPTY_BODY = YES;
				CLANG_WARN_ENUM_CONVERSION = YES;
				CLANG_WARN_INFINITE_RECURSION = YES;
				CLANG_WARN_INT_CONVERSION = YES;
				CLANG_WARN_NON_LITERAL_NULL_CONVERSION = YES;
				CLANG_WARN_OBJC_IMPLICIT_RETAIN_SELF = YES;
				CLANG_WARN_OBJC_LITERAL_CONVERSION = YES;
				CLANG_WARN_OBJC_ROOT_CLASS = YES_ERROR;
				CLANG_WARN_RANGE_LOOP_ANALYSIS = YES;
				CLANG_WARN_STRICT_PROTOTYPES = YES;
				CLANG_WARN_SUSPICIOUS_MOVE = YES;
				CLANG_WARN_UNGUARDED_AVAILABILITY = YES_AGGRESSIVE;
				CLANG_WARN_UNREACHABLE_CODE = YES;
				CLANG_WARN__DUPLICATE_METHOD_MATCH = YES;
				COPY_PHASE_STRIP = NO;
				DEBUG_INFORMATION_FORMAT = dwarf;
				ENABLE_STRICT_OBJC_MSGSEND = YES;
				ENABLE_TESTABILITY = YES;
				GCC_C_LANGUAGE_STANDARD = gnu11;
				GCC_DYNAMIC_NO_PIC = NO;
				GCC_NO_COMMON_BLOCKS = YES;
				GCC_OPTIMIZATION_LEVEL = 0;
				GCC_PREPROCESSOR_DEFINITIONS = (
					"DEBUG=1",
					"$(inherited)",
				);
				GCC_WARN_64_TO_32_BIT_CONVERSION = YES;
				GCC_WARN_ABOUT_RETURN_TYPE = YES_ERROR;
				GCC_WARN_UNDECLARED_SELECTOR = YES;
				GCC_WARN_UNINITIALIZED_AUTOS = YES_AGGRESSIVE;
				GCC_WARN_UNUSED_FUNCTION = YES;
				GCC_WARN_UNUSED_VARIABLE = YES;
				IPHONEOS_DEPLOYMENT_TARGET = 12.0;
				MTL_ENABLE_DEBUG_INFO = INCLUDE_SOURCE;
				MTL_FAST_MATH = YES;
				ONLY_ACTIVE_ARCH = YES;
				SDKROOT = iphoneos;
				SWIFT_ACTIVE_COMPILATION_CONDITIONS = DEBUG;
				SWIFT_OPTIMIZATION_LEVEL = "-Onone";
			};
			name = Debug;
		};
		38804F1424986D9C00B330F1 /* Release */ = {
			isa = XCBuildConfiguration;
			buildSettings = {
				ALWAYS_SEARCH_USER_PATHS = NO;
				CLANG_ANALYZER_NONNULL = YES;
				CLANG_ANALYZER_NUMBER_OBJECT_CONVERSION = YES_AGGRESSIVE;
				CLANG_CXX_LANGUAGE_STANDARD = "gnu++14";
				CLANG_CXX_LIBRARY = "libc++";
				CLANG_ENABLE_MODULES = YES;
				CLANG_ENABLE_OBJC_ARC = YES;
				CLANG_ENABLE_OBJC_WEAK = YES;
				CLANG_WARN_BLOCK_CAPTURE_AUTORELEASING = YES;
				CLANG_WARN_BOOL_CONVERSION = YES;
				CLANG_WARN_COMMA = YES;
				CLANG_WARN_CONSTANT_CONVERSION = YES;
				CLANG_WARN_DEPRECATED_OBJC_IMPLEMENTATIONS = YES;
				CLANG_WARN_DIRECT_OBJC_ISA_USAGE = YES_ERROR;
				CLANG_WARN_DOCUMENTATION_COMMENTS = YES;
				CLANG_WARN_EMPTY_BODY = YES;
				CLANG_WARN_ENUM_CONVERSION = YES;
				CLANG_WARN_INFINITE_RECURSION = YES;
				CLANG_WARN_INT_CONVERSION = YES;
				CLANG_WARN_NON_LITERAL_NULL_CONVERSION = YES;
				CLANG_WARN_OBJC_IMPLICIT_RETAIN_SELF = YES;
				CLANG_WARN_OBJC_LITERAL_CONVERSION = YES;
				CLANG_WARN_OBJC_ROOT_CLASS = YES_ERROR;
				CLANG_WARN_RANGE_LOOP_ANALYSIS = YES;
				CLANG_WARN_STRICT_PROTOTYPES = YES;
				CLANG_WARN_SUSPICIOUS_MOVE = YES;
				CLANG_WARN_UNGUARDED_AVAILABILITY = YES_AGGRESSIVE;
				CLANG_WARN_UNREACHABLE_CODE = YES;
				CLANG_WARN__DUPLICATE_METHOD_MATCH = YES;
				COPY_PHASE_STRIP = NO;
				DEBUG_INFORMATION_FORMAT = "dwarf-with-dsym";
				ENABLE_NS_ASSERTIONS = NO;
				ENABLE_STRICT_OBJC_MSGSEND = YES;
				GCC_C_LANGUAGE_STANDARD = gnu11;
				GCC_NO_COMMON_BLOCKS = YES;
				GCC_WARN_64_TO_32_BIT_CONVERSION = YES;
				GCC_WARN_ABOUT_RETURN_TYPE = YES_ERROR;
				GCC_WARN_UNDECLARED_SELECTOR = YES;
				GCC_WARN_UNINITIALIZED_AUTOS = YES_AGGRESSIVE;
				GCC_WARN_UNUSED_FUNCTION = YES;
				GCC_WARN_UNUSED_VARIABLE = YES;
				IPHONEOS_DEPLOYMENT_TARGET = 12.0;
				MTL_ENABLE_DEBUG_INFO = NO;
				MTL_FAST_MATH = YES;
				SDKROOT = iphoneos;
				SWIFT_COMPILATION_MODE = wholemodule;
				SWIFT_OPTIMIZATION_LEVEL = "-O";
				VALIDATE_PRODUCT = YES;
			};
			name = Release;
		};
		38804F1624986D9C00B330F1 /* Debug */ = {
			isa = XCBuildConfiguration;
			buildSettings = {
				ASSETCATALOG_COMPILER_APPICON_NAME = AppIcon;
				CODE_SIGN_STYLE = Automatic;
				CURRENT_PROJECT_VERSION = 4;
				DEVELOPMENT_TEAM = H45HXXY45P;
				INFOPLIST_FILE = CloudySkies/Info.plist;
				LD_RUNPATH_SEARCH_PATHS = (
					"$(inherited)",
					"@executable_path/Frameworks",
				);
				MARKETING_VERSION = 2.0;
				PRODUCT_BUNDLE_IDENTIFIER = "My-Home.CloudySkies";
				PRODUCT_NAME = "Cloudie Skies";
				SWIFT_VERSION = 5.0;
				TARGETED_DEVICE_FAMILY = "1,2";
			};
			name = Debug;
		};
		38804F1724986D9C00B330F1 /* Release */ = {
			isa = XCBuildConfiguration;
			buildSettings = {
				ASSETCATALOG_COMPILER_APPICON_NAME = AppIcon;
				CODE_SIGN_STYLE = Automatic;
				CURRENT_PROJECT_VERSION = 4;
				DEVELOPMENT_TEAM = H45HXXY45P;
				INFOPLIST_FILE = CloudySkies/Info.plist;
				LD_RUNPATH_SEARCH_PATHS = (
					"$(inherited)",
					"@executable_path/Frameworks",
				);
				MARKETING_VERSION = 2.0;
				PRODUCT_BUNDLE_IDENTIFIER = "My-Home.CloudySkies";
				PRODUCT_NAME = "Cloudie Skies";
				SWIFT_VERSION = 5.0;
				TARGETED_DEVICE_FAMILY = "1,2";
			};
			name = Release;
		};
		38804F1924986D9C00B330F1 /* Debug */ = {
			isa = XCBuildConfiguration;
			buildSettings = {
				ALWAYS_EMBED_SWIFT_STANDARD_LIBRARIES = YES;
				BUNDLE_LOADER = "$(TEST_HOST)";
				"CODE_SIGN_IDENTITY[sdk=macosx*]" = "Apple Development";
				CODE_SIGN_STYLE = Automatic;
				DEVELOPMENT_TEAM = H45HXXY45P;
				INFOPLIST_FILE = CloudySkiesTests/Info.plist;
				IPHONEOS_DEPLOYMENT_TARGET = 13.5;
				LD_RUNPATH_SEARCH_PATHS = (
					"$(inherited)",
					"@executable_path/Frameworks",
					"@loader_path/Frameworks",
				);
				PRODUCT_BUNDLE_IDENTIFIER = "My-Home.CloudySkiesTests";
				PRODUCT_NAME = "$(TARGET_NAME)";
				SWIFT_VERSION = 5.0;
				TARGETED_DEVICE_FAMILY = "1,2";
				TEST_HOST = "$(BUILT_PRODUCTS_DIR)/CloudySkies.app/CloudySkies";
			};
			name = Debug;
		};
		38804F1A24986D9C00B330F1 /* Release */ = {
			isa = XCBuildConfiguration;
			buildSettings = {
				ALWAYS_EMBED_SWIFT_STANDARD_LIBRARIES = YES;
				BUNDLE_LOADER = "$(TEST_HOST)";
				"CODE_SIGN_IDENTITY[sdk=macosx*]" = "Apple Development";
				CODE_SIGN_STYLE = Automatic;
				DEVELOPMENT_TEAM = H45HXXY45P;
				INFOPLIST_FILE = CloudySkiesTests/Info.plist;
				IPHONEOS_DEPLOYMENT_TARGET = 13.5;
				LD_RUNPATH_SEARCH_PATHS = (
					"$(inherited)",
					"@executable_path/Frameworks",
					"@loader_path/Frameworks",
				);
				PRODUCT_BUNDLE_IDENTIFIER = "My-Home.CloudySkiesTests";
				PRODUCT_NAME = "$(TARGET_NAME)";
				SWIFT_VERSION = 5.0;
				TARGETED_DEVICE_FAMILY = "1,2";
				TEST_HOST = "$(BUILT_PRODUCTS_DIR)/CloudySkies.app/CloudySkies";
			};
			name = Release;
		};
		38804F1C24986D9C00B330F1 /* Debug */ = {
			isa = XCBuildConfiguration;
			buildSettings = {
				ALWAYS_EMBED_SWIFT_STANDARD_LIBRARIES = YES;
				CODE_SIGN_STYLE = Automatic;
				INFOPLIST_FILE = CloudySkiesUITests/Info.plist;
				LD_RUNPATH_SEARCH_PATHS = (
					"$(inherited)",
					"@executable_path/Frameworks",
					"@loader_path/Frameworks",
				);
				PRODUCT_BUNDLE_IDENTIFIER = "My-Home.CloudySkiesUITests";
				PRODUCT_NAME = "$(TARGET_NAME)";
				SWIFT_VERSION = 5.0;
				TARGETED_DEVICE_FAMILY = "1,2";
				TEST_TARGET_NAME = CloudySkies;
			};
			name = Debug;
		};
		38804F1D24986D9C00B330F1 /* Release */ = {
			isa = XCBuildConfiguration;
			buildSettings = {
				ALWAYS_EMBED_SWIFT_STANDARD_LIBRARIES = YES;
				CODE_SIGN_STYLE = Automatic;
				INFOPLIST_FILE = CloudySkiesUITests/Info.plist;
				LD_RUNPATH_SEARCH_PATHS = (
					"$(inherited)",
					"@executable_path/Frameworks",
					"@loader_path/Frameworks",
				);
				PRODUCT_BUNDLE_IDENTIFIER = "My-Home.CloudySkiesUITests";
				PRODUCT_NAME = "$(TARGET_NAME)";
				SWIFT_VERSION = 5.0;
				TARGETED_DEVICE_FAMILY = "1,2";
				TEST_TARGET_NAME = CloudySkies;
			};
			name = Release;
		};
/* End XCBuildConfiguration section */

/* Begin XCConfigurationList section */
		38804EE224986D9900B330F1 /* Build configuration list for PBXProject "CloudySkies" */ = {
			isa = XCConfigurationList;
			buildConfigurations = (
				38804F1324986D9C00B330F1 /* Debug */,
				38804F1424986D9C00B330F1 /* Release */,
			);
			defaultConfigurationIsVisible = 0;
			defaultConfigurationName = Release;
		};
		38804F1524986D9C00B330F1 /* Build configuration list for PBXNativeTarget "CloudySkies" */ = {
			isa = XCConfigurationList;
			buildConfigurations = (
				38804F1624986D9C00B330F1 /* Debug */,
				38804F1724986D9C00B330F1 /* Release */,
			);
			defaultConfigurationIsVisible = 0;
			defaultConfigurationName = Release;
		};
		38804F1824986D9C00B330F1 /* Build configuration list for PBXNativeTarget "CloudySkiesTests" */ = {
			isa = XCConfigurationList;
			buildConfigurations = (
				38804F1924986D9C00B330F1 /* Debug */,
				38804F1A24986D9C00B330F1 /* Release */,
			);
			defaultConfigurationIsVisible = 0;
			defaultConfigurationName = Release;
		};
		38804F1B24986D9C00B330F1 /* Build configuration list for PBXNativeTarget "CloudySkiesUITests" */ = {
			isa = XCConfigurationList;
			buildConfigurations = (
				38804F1C24986D9C00B330F1 /* Debug */,
				38804F1D24986D9C00B330F1 /* Release */,
			);
			defaultConfigurationIsVisible = 0;
			defaultConfigurationName = Release;
		};
/* End XCConfigurationList section */
	};
	rootObject = 38804EDF24986D9900B330F1 /* Project object */;
}
